{
  "version": "4",
  "specifiers": {
    "jsr:@cliffy/ansi@1.0.0-rc.7": "1.0.0-rc.7",
    "jsr:@cliffy/command@1.0.0-rc.7": "1.0.0-rc.7",
    "jsr:@cliffy/flags@1.0.0-rc.7": "1.0.0-rc.7",
    "jsr:@cliffy/internal@1.0.0-rc.7": "1.0.0-rc.7",
    "jsr:@cliffy/keycode@1.0.0-rc.7": "1.0.0-rc.7",
    "jsr:@cliffy/prompt@1.0.0-rc.7": "1.0.0-rc.7",
    "jsr:@cliffy/table@1.0.0-rc.7": "1.0.0-rc.7",
    "jsr:@hono/hono@^4.6.11": "4.6.11",
    "jsr:@hono/hono@^4.7.4": "4.7.4",
    "jsr:@std/assert@1": "1.0.8",
    "jsr:@std/assert@~1.0.6": "1.0.8",
    "jsr:@std/async@^1.0.9": "1.0.9",
    "jsr:@std/cli@*": "1.0.8",
    "jsr:@std/cli@^1.0.6": "1.0.8",
    "jsr:@std/collections@^1.0.10": "1.0.10",
    "jsr:@std/encoding@^1.0.5": "1.0.5",
    "jsr:@std/encoding@~1.0.5": "1.0.5",
    "jsr:@std/fmt@^1.0.3": "1.0.3",
    "jsr:@std/fmt@~1.0.2": "1.0.3",
    "jsr:@std/fs@*": "1.0.6",
    "jsr:@std/fs@^1.0.6": "1.0.6",
    "jsr:@std/internal@^1.0.5": "1.0.5",
    "jsr:@std/io@~0.224.9": "0.224.9",
    "jsr:@std/path@^1.0.8": "1.0.8",
    "jsr:@std/path@~1.0.6": "1.0.8",
    "jsr:@std/text@~1.0.7": "1.0.7",
    "jsr:@streak-glue/runtime@0.1": "0.1.0",
    "npm:@slack/web-api@*": "7.8.0",
    "npm:@slack/webhook@*": "7.0.4",
    "npm:@types/node@*": "22.5.4",
    "npm:@types/react@18": "18.3.18",
    "npm:ink-spinner@5": "5.0.0_ink@5.1.1__react@18.3.1_react@18.3.1_@types+react@18.3.18",
    "npm:ink@5": "5.1.1_react@18.3.1",
    "npm:ink@^5.1.1": "5.1.1_react@18.3.1",
    "npm:react@^18.3.1": "18.3.1",
    "npm:zod@^3.24.0": "3.24.0",
    "npm:zod@^3.24.2": "3.24.2"
  },
  "jsr": {
    "@cliffy/ansi@1.0.0-rc.7": {
      "integrity": "f71c921cce224c13d322e5cedba4f38e8f7354c7d855c9cb22729362a53f25aa",
      "dependencies": [
        "jsr:@cliffy/internal",
        "jsr:@std/encoding@~1.0.5",
        "jsr:@std/io"
      ]
    },
    "@cliffy/command@1.0.0-rc.7": {
      "integrity": "1288808d7a3cd18b86c24c2f920e47a6d954b7e23cadc35c8cbd78f8be41f0cd",
      "dependencies": [
        "jsr:@cliffy/flags",
        "jsr:@cliffy/internal",
        "jsr:@cliffy/table",
        "jsr:@std/fmt@~1.0.2",
        "jsr:@std/text"
      ]
    },
    "@cliffy/flags@1.0.0-rc.7": {
      "integrity": "318d9be98f6a6417b108e03dec427dea96cdd41a15beb21d2554ae6da450a781",
      "dependencies": [
        "jsr:@std/text"
      ]
    },
    "@cliffy/internal@1.0.0-rc.7": {
      "integrity": "10412636ab3e67517d448be9eaab1b70c88eba9be22617b5d146257a11cc9b17"
    },
    "@cliffy/keycode@1.0.0-rc.7": {
      "integrity": "5b3f6c33994e81a76b79f108b1989642ac22705840da33781f7972d7dff05503"
    },
    "@cliffy/prompt@1.0.0-rc.7": {
      "integrity": "a9cbd13acd8073558447cae8ca4cf593c09d23bcbe429cc63346920c21187b83",
      "dependencies": [
        "jsr:@cliffy/ansi",
        "jsr:@cliffy/internal",
        "jsr:@cliffy/keycode",
        "jsr:@std/assert@~1.0.6",
        "jsr:@std/fmt@~1.0.2",
        "jsr:@std/io",
        "jsr:@std/path@~1.0.6",
        "jsr:@std/text"
      ]
    },
    "@cliffy/table@1.0.0-rc.7": {
      "integrity": "9fdd9776eda28a0b397981c400eeb1aa36da2371b43eefe12e6ff555290e3180",
      "dependencies": [
        "jsr:@std/fmt@~1.0.2"
      ]
    },
    "@hono/hono@4.6.11": {
      "integrity": "07399d911f09e94b7dc1e0e0a0577d35fe66578af20163d513958364c4e9e702"
    },
    "@hono/hono@4.7.4": {
      "integrity": "c03c9cbe0fbfc4e51f3fee6502a7903aa4f9ef7c2c98635607b15eee14258825"
    },
    "@std/assert@1.0.8": {
      "integrity": "ebe0bd7eb488ee39686f77003992f389a06c3da1bbd8022184804852b2fa641b",
      "dependencies": [
        "jsr:@std/internal"
      ]
    },
    "@std/async@1.0.9": {
      "integrity": "c6472fd0623b3f3daae023cdf7ca5535e1b721dfbf376562c0c12b3fb4867f91"
    },
    "@std/cli@1.0.8": {
      "integrity": "3762d8dc9a373715c08d871c38d45e637b25266f013a1d0bbe560bca409de94e"
    },
    "@std/collections@1.0.10": {
      "integrity": "903af106a3d92970d74e20f7ebff77d9658af9bef4403f1dc42a7801c0575899"
    },
    "@std/encoding@1.0.5": {
      "integrity": "ecf363d4fc25bd85bd915ff6733a7e79b67e0e7806334af15f4645c569fefc04"
    },
    "@std/fmt@1.0.2": {
      "integrity": "87e9dfcdd3ca7c066e0c3c657c1f987c82888eb8103a3a3baa62684ffeb0f7a7"
    },
    "@std/fmt@1.0.3": {
      "integrity": "97765c16aa32245ff4e2204ecf7d8562496a3cb8592340a80e7e554e0bb9149f"
    },
    "@std/fs@1.0.6": {
      "integrity": "42b56e1e41b75583a21d5a37f6a6a27de9f510bcd36c0c85791d685ca0b85fa2",
      "dependencies": [
        "jsr:@std/path@^1.0.8"
      ]
    },
    "@std/internal@1.0.5": {
      "integrity": "54a546004f769c1ac9e025abd15a76b6671ddc9687e2313b67376125650dc7ba"
    },
    "@std/io@0.224.9": {
      "integrity": "4414664b6926f665102e73c969cfda06d2c4c59bd5d0c603fd4f1b1c840d6ee3"
    },
    "@std/path@1.0.8": {
      "integrity": "548fa456bb6a04d3c1a1e7477986b6cffbce95102d0bb447c67c4ee70e0364be"
    },
    "@std/text@1.0.7": {
      "integrity": "344a820af99fde81ae1d4f9ce586da3f47a58cda25ac4c4dd688166cf5ed97f1"
    },
    "@streak-glue/runtime@0.1.0": {
      "integrity": "164b70857aa49b5dc519a9f0a944f59121d612a7f994253694d199164fb5098f",
      "dependencies": [
        "jsr:@hono/hono@^4.7.4",
        "npm:zod@^3.24.2"
      ]
    }
  },
  "npm": {
    "@alcalzone/ansi-tokenize@0.1.3": {
      "integrity": "sha512-3yWxPTq3UQ/FY9p1ErPxIyfT64elWaMvM9lIHnaqpyft63tkxodF5aUElYHrdisWve5cETkh1+KBw1yJuW0aRw==",
      "dependencies": [
        "ansi-styles",
        "is-fullwidth-code-point@4.0.0"
      ]
    },
    "@slack/logger@4.0.0": {
      "integrity": "sha512-Wz7QYfPAlG/DR+DfABddUZeNgoeY7d1J39OCR2jR+v7VBsB8ezulDK5szTnDDPDwLH5IWhLvXIHlCFZV7MSKgA==",
      "dependencies": [
        "@types/node"
      ]
    },
    "@slack/types@2.14.0": {
      "integrity": "sha512-n0EGm7ENQRxlXbgKSrQZL69grzg1gHLAVd+GlRVQJ1NSORo0FrApR7wql/gaKdu2n4TO83Sq/AmeUOqD60aXUA=="
    },
    "@slack/web-api@7.8.0": {
      "integrity": "sha512-d4SdG+6UmGdzWw38a4sN3lF/nTEzsDxhzU13wm10ejOpPehtmRoqBKnPztQUfFiWbNvSb4czkWYJD4kt+5+Fuw==",
      "dependencies": [
        "@slack/logger",
        "@slack/types",
        "@types/node",
        "@types/retry",
        "axios",
        "eventemitter3@5.0.1",
        "form-data",
        "is-electron",
        "is-stream",
        "p-queue",
        "p-retry",
        "retry"
      ]
    },
    "@slack/webhook@7.0.4": {
      "integrity": "sha512-JDJte2dbJCcq1/GCMBYJH6fj+YS4n5GuPjT4tF3O1NPN6pFPCR9yA/apRh9sdfhdFG7hadiRgmiQqC4GLgNkZg==",
      "dependencies": [
        "@slack/types",
        "@types/node",
        "axios"
      ]
    },
    "@types/node@22.5.4": {
      "integrity": "sha512-FDuKUJQm/ju9fT/SeX/6+gBzoPzlVCzfzmGkwKvRHQVxi4BntVbyIwf6a4Xn62mrvndLiml6z/UBXIdEVjQLXg==",
      "dependencies": [
        "undici-types"
      ]
    },
    "@types/prop-types@15.7.14": {
      "integrity": "sha512-gNMvNH49DJ7OJYv+KAKn0Xp45p8PLl6zo2YnvDIbTd4J6MER2BmWN49TG7n9LvkyihINxeKW8+3bfS2yDC9dzQ=="
    },
    "@types/react@18.3.18": {
      "integrity": "sha512-t4yC+vtgnkYjNSKlFx1jkAhH8LgTo2N/7Qvi83kdEaUtMDiwpbLAktKDaAMlRcJ5eSxZkH74eEGt1ky31d7kfQ==",
      "dependencies": [
        "@types/prop-types",
        "csstype"
      ]
    },
    "@types/retry@0.12.0": {
      "integrity": "sha512-wWKOClTTiizcZhXnPY4wikVAwmdYHp8q6DmC+EJUzAMsycb7HB32Kh9RN4+0gExjmPmZSAQjgURXIGATPegAvA=="
    },
    "ansi-escapes@7.0.0": {
      "integrity": "sha512-GdYO7a61mR0fOlAsvC9/rIHf7L96sBc6dEWzeOu+KAea5bZyQRPIpojrVoI4AXGJS/ycu/fBTdLrUkA4ODrvjw==",
      "dependencies": [
        "environment"
      ]
    },
    "ansi-regex@6.1.0": {
      "integrity": "sha512-7HSX4QQb4CspciLpVFwyRe79O3xsIZDDLER21kERQ71oaPodF8jL725AgJMFAYbooIqolJoRLuM81SpeUkpkvA=="
    },
    "ansi-styles@6.2.1": {
      "integrity": "sha512-bN798gFfQX+viw3R7yrGWRqnrN2oRkEkUjjl4JNn4E8GxxbjtG3FbrEIIY3l8/hrwUwIeCZvi4QuOTP4MErVug=="
    },
    "asynckit@0.4.0": {
      "integrity": "sha512-Oei9OH4tRh0YqU3GxhX79dM/mwVgvbZJaSNaRk+bshkj0S5cfHcgYakreBjrHwatXKbz+IoIdYLxrKim2MjW0Q=="
    },
    "auto-bind@5.0.1": {
      "integrity": "sha512-ooviqdwwgfIfNmDwo94wlshcdzfO64XV0Cg6oDsDYBJfITDz1EngD2z7DkbvCWn+XIMsIqW27sEVF6qcpJrRcg=="
    },
    "axios@1.7.9": {
      "integrity": "sha512-LhLcE7Hbiryz8oMDdDptSrWowmB4Bl6RCt6sIJKpRB4XtVf0iEgewX3au/pJqm+Py1kCASkb/FFKjxQaLtxJvw==",
      "dependencies": [
        "follow-redirects",
        "form-data",
        "proxy-from-env"
      ]
    },
    "chalk@5.3.0": {
      "integrity": "sha512-dLitG79d+GV1Nb/VYcCDFivJeK1hiukt9QjRNVOsUtTy1rR1YJsmpGGTZ3qJos+uw7WmWF4wUwBd9jxjocFC2w=="
    },
    "cli-boxes@3.0.0": {
      "integrity": "sha512-/lzGpEWL/8PfI0BmBOPRwp0c/wFNX1RdUML3jK/RcSBA9T8mZDdQpqYBKtCFTOfQbwPqWEOpjqW+Fnayc0969g=="
    },
    "cli-cursor@4.0.0": {
      "integrity": "sha512-VGtlMu3x/4DOtIUwEkRezxUZ2lBacNJCHash0N0WeZDBS+7Ux1dm3XWAgWYxLJFMMdOeXMHXorshEFhbMSGelg==",
      "dependencies": [
        "restore-cursor"
      ]
    },
    "cli-spinners@2.9.2": {
      "integrity": "sha512-ywqV+5MmyL4E7ybXgKys4DugZbX0FC6LnwrhjuykIjnK9k8OQacQ7axGKnjDXWNhns0xot3bZI5h55H8yo9cJg=="
    },
    "cli-truncate@4.0.0": {
      "integrity": "sha512-nPdaFdQ0h/GEigbPClz11D0v/ZJEwxmeVZGeMo3Z5StPtUTkA9o1lD6QwoirYiSDzbcwn2XcjwmCp68W1IS4TA==",
      "dependencies": [
        "slice-ansi@5.0.0",
        "string-width"
      ]
    },
    "code-excerpt@4.0.0": {
      "integrity": "sha512-xxodCmBen3iy2i0WtAK8FlFNrRzjUqjRsMfho58xT/wvZU1YTM3fCnRjcy1gJPMepaRlgm/0e6w8SpWHpn3/cA==",
      "dependencies": [
        "convert-to-spaces"
      ]
    },
    "combined-stream@1.0.8": {
      "integrity": "sha512-FQN4MRfuJeHf7cBbBMJFXhKSDq+2kAArBlmRBvcvFE5BB1HZKXtSFASDhdlz9zOYwxh8lDdnvmMOe/+5cdoEdg==",
      "dependencies": [
        "delayed-stream"
      ]
    },
    "convert-to-spaces@2.0.1": {
      "integrity": "sha512-rcQ1bsQO9799wq24uE5AM2tAILy4gXGIK/njFWcVQkGNZ96edlpY+A7bjwvzjYvLDyzmG1MmMLZhpcsb+klNMQ=="
    },
    "csstype@3.1.3": {
      "integrity": "sha512-M1uQkMl8rQK/szD0LNhtqxIPLpimGm8sOBwU7lLnCpSbTyY3yeU1Vc7l4KT5zT4s/yOxHH5O7tIuuLOCnLADRw=="
    },
    "delayed-stream@1.0.0": {
      "integrity": "sha512-ZySD7Nf91aLB0RxL4KGrKHBXl7Eds1DAmEdcoVawXnLD7SDhpNgtuII2aAkg7a7QS41jxPSZ17p4VdGnMHk3MQ=="
    },
    "emoji-regex@10.4.0": {
      "integrity": "sha512-EC+0oUMY1Rqm4O6LLrgjtYDvcVYTy7chDnM4Q7030tP4Kwj3u/pR6gP9ygnp2CJMK5Gq+9Q2oqmrFJAz01DXjw=="
    },
    "environment@1.1.0": {
      "integrity": "sha512-xUtoPkMggbz0MPyPiIWr1Kp4aeWJjDZ6SMvURhimjdZgsRuDplF5/s9hcgGhyXMhs+6vpnuoiZ2kFiu3FMnS8Q=="
    },
    "es-toolkit@1.32.0": {
      "integrity": "sha512-ZfSfHP1l6ubgW/B/FRtqb9bYdMvI6jizbOSfbwwJNcOQ1QE6TFsC3jpQkZ900uUPSR3t3SU5Ds7UWKnYz+uP8Q=="
    },
    "escape-string-regexp@2.0.0": {
      "integrity": "sha512-UpzcLCXolUWcNu5HtVMHYdXJjArjsF9C0aNnquZYY4uW/Vu0miy5YoWvbV345HauVvcAUnpRuhMMcqTcGOY2+w=="
    },
    "eventemitter3@4.0.7": {
      "integrity": "sha512-8guHBZCwKnFhYdHr2ysuRWErTwhoN2X8XELRlrRwpmfeY2jjuUN4taQMsULKUVo1K4DvZl+0pgfyoysHxvmvEw=="
    },
    "eventemitter3@5.0.1": {
      "integrity": "sha512-GWkBvjiSZK87ELrYOSESUYeVIc9mvLLf/nXalMOS5dYrgZq9o5OVkbZAVM06CVxYsCwH9BDZFPlQTlPA1j4ahA=="
    },
    "follow-redirects@1.15.9": {
      "integrity": "sha512-gew4GsXizNgdoRyqmyfMHyAmXsZDk6mHkSxZFCzW9gwlbtOW44CDtYavM+y+72qD/Vq2l550kMF52DT8fOLJqQ=="
    },
    "form-data@4.0.1": {
      "integrity": "sha512-tzN8e4TX8+kkxGPK8D5u0FNmjPUjw3lwC9lSLxxoB/+GtsJG91CO8bSWy73APlgAZzZbXEYZJuxjkHH2w+Ezhw==",
      "dependencies": [
        "asynckit",
        "combined-stream",
        "mime-types"
      ]
    },
    "get-east-asian-width@1.3.0": {
      "integrity": "sha512-vpeMIQKxczTD/0s2CdEWHcb0eeJe6TFjxb+J5xgX7hScxqrGuyjmv4c1D4A/gelKfyox0gJJwIHF+fLjeaM8kQ=="
    },
    "indent-string@5.0.0": {
      "integrity": "sha512-m6FAo/spmsW2Ab2fU35JTYwtOKa2yAwXSwgjSv1TJzh4Mh7mC3lzAOVLBprb72XsTrgkEIsl7YrFNAiDiRhIGg=="
    },
    "ink-spinner@5.0.0_ink@5.1.1__react@18.3.1_react@18.3.1_@types+react@18.3.18": {
      "integrity": "sha512-EYEasbEjkqLGyPOUc8hBJZNuC5GvXGMLu0w5gdTNskPc7Izc5vO3tdQEYnzvshucyGCBXc86ig0ujXPMWaQCdA==",
      "dependencies": [
        "cli-spinners",
        "ink@5.1.1_react@18.3.1_@types+react@18.3.18",
        "react"
      ]
    },
    "ink@5.1.1_react@18.3.1": {
      "integrity": "sha512-4QU6v46XbtupvRjey9yxAFU3AvoBq4h2O68rhZttFd98yx0Zu6bw1ZBhRiFxyeJY6TXseU62HU/LvGtgCGi3Aw==",
      "dependencies": [
        "@alcalzone/ansi-tokenize",
        "ansi-escapes",
        "ansi-styles",
        "auto-bind",
        "chalk",
        "cli-boxes",
        "cli-cursor",
        "cli-truncate",
        "code-excerpt",
        "es-toolkit",
        "indent-string",
        "is-in-ci",
        "patch-console",
        "react",
        "react-reconciler",
        "scheduler",
        "signal-exit",
        "slice-ansi@7.1.0",
        "stack-utils",
        "string-width",
        "type-fest",
        "widest-line",
        "wrap-ansi",
        "ws",
        "yoga-wasm-web"
      ]
    },
    "ink@5.1.1_react@18.3.1_@types+react@18.3.18": {
      "integrity": "sha512-4QU6v46XbtupvRjey9yxAFU3AvoBq4h2O68rhZttFd98yx0Zu6bw1ZBhRiFxyeJY6TXseU62HU/LvGtgCGi3Aw==",
      "dependencies": [
        "@alcalzone/ansi-tokenize",
        "@types/react",
        "ansi-escapes",
        "ansi-styles",
        "auto-bind",
        "chalk",
        "cli-boxes",
        "cli-cursor",
        "cli-truncate",
        "code-excerpt",
        "es-toolkit",
        "indent-string",
        "is-in-ci",
        "patch-console",
        "react",
        "react-reconciler",
        "scheduler",
        "signal-exit",
        "slice-ansi@7.1.0",
        "stack-utils",
        "string-width",
        "type-fest",
        "widest-line",
        "wrap-ansi",
        "ws",
        "yoga-wasm-web"
      ]
    },
    "is-electron@2.2.2": {
      "integrity": "sha512-FO/Rhvz5tuw4MCWkpMzHFKWD2LsfHzIb7i6MdPYZ/KW7AlxawyLkqdy+jPZP1WubqEADE3O4FUENlJHDfQASRg=="
    },
    "is-fullwidth-code-point@4.0.0": {
      "integrity": "sha512-O4L094N2/dZ7xqVdrXhh9r1KODPJpFms8B5sGdJLPy664AgvXsreZUyCQQNItZRDlYug4xStLjNp/sz3HvBowQ=="
    },
    "is-fullwidth-code-point@5.0.0": {
      "integrity": "sha512-OVa3u9kkBbw7b8Xw5F9P+D/T9X+Z4+JruYVNapTjPYZYUznQ5YfWeFkOj606XYYW8yugTfC8Pj0hYqvi4ryAhA==",
      "dependencies": [
        "get-east-asian-width"
      ]
    },
    "is-in-ci@1.0.0": {
      "integrity": "sha512-eUuAjybVTHMYWm/U+vBO1sY/JOCgoPCXRxzdju0K+K0BiGW0SChEL1MLC0PoCIR1OlPo5YAp8HuQoUlsWEICwg=="
    },
    "is-stream@2.0.1": {
      "integrity": "sha512-hFoiJiTl63nn+kstHGBtewWSKnQLpyb155KHheA1l39uvtO9nWIop1p3udqPcUd/xbF1VLMO4n7OI6p7RbngDg=="
    },
    "js-tokens@4.0.0": {
      "integrity": "sha512-RdJUflcE3cUzKiMqQgsCu06FPu9UdIJO0beYbPhHN4k6apgJtifcoCtT9bcxOpYBtpD2kCM6Sbzg4CausW/PKQ=="
    },
    "loose-envify@1.4.0": {
      "integrity": "sha512-lyuxPGr/Wfhrlem2CL/UcnUc1zcqKAImBDzukY7Y5F/yQiNdko6+fRLevlw1HgMySw7f611UIY408EtxRSoK3Q==",
      "dependencies": [
        "js-tokens"
      ]
    },
    "mime-db@1.52.0": {
      "integrity": "sha512-sPU4uV7dYlvtWJxwwxHD0PuihVNiE7TyAbQ5SWxDCB9mUYvOgroQOwYQQOKPJ8CIbE+1ETVlOoK1UC2nU3gYvg=="
    },
    "mime-types@2.1.35": {
      "integrity": "sha512-ZDY+bPm5zTTF+YpCrAU9nK0UgICYPT0QtT1NZWFv4s++TNkcgVaT0g6+4R2uI4MjQjzysHB1zxuWL50hzaeXiw==",
      "dependencies": [
        "mime-db"
      ]
    },
    "mimic-fn@2.1.0": {
      "integrity": "sha512-OqbOk5oEQeAZ8WXWydlu9HJjz9WVdEIvamMCcXmuqUYjTknH/sqsWvhQ3vgwKFRR1HpjvNBKQ37nbJgYzGqGcg=="
    },
    "onetime@5.1.2": {
      "integrity": "sha512-kbpaSSGJTWdAY5KPVeMOKXSrPtr8C8C7wodJbcsd51jRnmD+GZu8Y0VoU6Dm5Z4vWr0Ig/1NKuWRKf7j5aaYSg==",
      "dependencies": [
        "mimic-fn"
      ]
    },
    "p-finally@1.0.0": {
      "integrity": "sha512-LICb2p9CB7FS+0eR1oqWnHhp0FljGLZCWBE9aix0Uye9W8LTQPwMTYVGWQWIw9RdQiDg4+epXQODwIYJtSJaow=="
    },
    "p-queue@6.6.2": {
      "integrity": "sha512-RwFpb72c/BhQLEXIZ5K2e+AhgNVmIejGlTgiB9MzZ0e93GRvqZ7uSi0dvRF7/XIXDeNkra2fNHBxTyPDGySpjQ==",
      "dependencies": [
        "eventemitter3@4.0.7",
        "p-timeout"
      ]
    },
    "p-retry@4.6.2": {
      "integrity": "sha512-312Id396EbJdvRONlngUx0NydfrIQ5lsYu0znKVUzVvArzEIt08V1qhtyESbGVd1FGX7UKtiFp5uwKZdM8wIuQ==",
      "dependencies": [
        "@types/retry",
        "retry"
      ]
    },
    "p-timeout@3.2.0": {
      "integrity": "sha512-rhIwUycgwwKcP9yTOOFK/AKsAopjjCakVqLHePO3CC6Mir1Z99xT+R63jZxAT5lFZLa2inS5h+ZS2GvR99/FBg==",
      "dependencies": [
        "p-finally"
      ]
    },
    "patch-console@2.0.0": {
      "integrity": "sha512-0YNdUceMdaQwoKce1gatDScmMo5pu/tfABfnzEqeG0gtTmd7mh/WcwgUjtAeOU7N8nFFlbQBnFK2gXW5fGvmMA=="
    },
    "proxy-from-env@1.1.0": {
      "integrity": "sha512-D+zkORCbA9f1tdWRK0RaCR3GPv50cMxcrz4X8k5LTSUD1Dkw47mKJEZQNunItRTkWwgtaUSo1RVFRIG9ZXiFYg=="
    },
    "react-reconciler@0.29.2_react@18.3.1": {
      "integrity": "sha512-zZQqIiYgDCTP/f1N/mAR10nJGrPD2ZR+jDSEsKWJHYC7Cm2wodlwbR3upZRdC3cjIjSlTLNVyO7Iu0Yy7t2AYg==",
      "dependencies": [
        "loose-envify",
        "react",
        "scheduler"
      ]
    },
    "react@18.3.1": {
      "integrity": "sha512-wS+hAgJShR0KhEvPJArfuPVN1+Hz1t0Y6n5jLrGQbkb4urgPE/0Rve+1kMB1v/oWgHgm4WIcV+i7F2pTVj+2iQ==",
      "dependencies": [
        "loose-envify"
      ]
    },
    "restore-cursor@4.0.0": {
      "integrity": "sha512-I9fPXU9geO9bHOt9pHHOhOkYerIMsmVaWB0rA2AI9ERh/+x/i7MV5HKBNrg+ljO5eoPVgCcnFuRjJ9uH6I/3eg==",
      "dependencies": [
        "onetime",
        "signal-exit"
      ]
    },
    "retry@0.13.1": {
      "integrity": "sha512-XQBQ3I8W1Cge0Seh+6gjj03LbmRFWuoszgK9ooCpwYIrhhoO80pfq4cUkU5DkknwfOfFteRwlZ56PYOGYyFWdg=="
    },
    "scheduler@0.23.2": {
      "integrity": "sha512-UOShsPwz7NrMUqhR6t0hWjFduvOzbtv7toDH1/hIrfRNIDBnnBWd0CwJTGvTpngVlmwGCdP9/Zl/tVrDqcuYzQ==",
      "dependencies": [
        "loose-envify"
      ]
    },
    "signal-exit@3.0.7": {
      "integrity": "sha512-wnD2ZE+l+SPC/uoS0vXeE9L1+0wuaMqKlfz9AMUo38JsyLSBWSFcHR1Rri62LZc12vLr1gb3jl7iwQhgwpAbGQ=="
    },
    "slice-ansi@5.0.0": {
      "integrity": "sha512-FC+lgizVPfie0kkhqUScwRu1O/lF6NOgJmlCgK+/LYxDCTk8sGelYaHDhFcDN+Sn3Cv+3VSa4Byeo+IMCzpMgQ==",
      "dependencies": [
        "ansi-styles",
        "is-fullwidth-code-point@4.0.0"
      ]
    },
    "slice-ansi@7.1.0": {
      "integrity": "sha512-bSiSngZ/jWeX93BqeIAbImyTbEihizcwNjFoRUIY/T1wWQsfsm2Vw1agPKylXvQTU7iASGdHhyqRlqQzfz+Htg==",
      "dependencies": [
        "ansi-styles",
        "is-fullwidth-code-point@5.0.0"
      ]
    },
    "stack-utils@2.0.6": {
      "integrity": "sha512-XlkWvfIm6RmsWtNJx+uqtKLS8eqFbxUg0ZzLXqY0caEy9l7hruX8IpiDnjsLavoBgqCCR71TqWO8MaXYheJ3RQ==",
      "dependencies": [
        "escape-string-regexp"
      ]
    },
    "string-width@7.2.0": {
      "integrity": "sha512-tsaTIkKW9b4N+AEj+SVA+WhJzV7/zMhcSu78mLKWSk7cXMOSHsBKFWUs0fWwq8QyK3MgJBQRX6Gbi4kYbdvGkQ==",
      "dependencies": [
        "emoji-regex",
        "get-east-asian-width",
        "strip-ansi"
      ]
    },
    "strip-ansi@7.1.0": {
      "integrity": "sha512-iq6eVVI64nQQTRYq2KtEg2d2uU7LElhTJwsH4YzIHZshxlgZms/wIc4VoDQTlG/IvVIrBKG06CrZnp0qv7hkcQ==",
      "dependencies": [
        "ansi-regex"
      ]
    },
    "type-fest@4.37.0": {
      "integrity": "sha512-S/5/0kFftkq27FPNye0XM1e2NsnoD/3FS+pBmbjmmtLT6I+i344KoOf7pvXreaFsDamWeaJX55nczA1m5PsBDg=="
    },
    "undici-types@6.19.8": {
      "integrity": "sha512-ve2KP6f/JnbPBFyobGHuerC9g1FYGn/F8n1LWTwNxCEzd6IfqTwUQcNXgEtmmQ6DlRrC1hrSrBnCZPokRrDHjw=="
    },
    "widest-line@5.0.0": {
      "integrity": "sha512-c9bZp7b5YtRj2wOe6dlj32MK+Bx/M/d+9VB2SHM1OtsUHR0aV0tdP6DWh/iMt0kWi1t5g1Iudu6hQRNd1A4PVA==",
      "dependencies": [
        "string-width"
      ]
    },
    "wrap-ansi@9.0.0": {
      "integrity": "sha512-G8ura3S+3Z2G+mkgNRq8dqaFZAuxfsxpBB8OCTGRTCtp+l/v9nbFNmCUP1BZMts3G1142MsZfn6eeUKrr4PD1Q==",
      "dependencies": [
        "ansi-styles",
        "string-width",
        "strip-ansi"
      ]
    },
    "ws@8.18.1": {
      "integrity": "sha512-RKW2aJZMXeMxVpnZ6bck+RswznaxmzdULiBr6KY7XkTnW8uvt0iT9H5DkHUChXrc+uurzwa0rVI16n/Xzjdz1w=="
    },
    "yoga-wasm-web@0.3.3": {
      "integrity": "sha512-N+d4UJSJbt/R3wqY7Coqs5pcV0aUj2j9IaQ3rNj9bVCLld8tTGKRa2USARjnvZJWVx1NDmQev8EknoczaOQDOA=="
    },
    "zod@3.24.0": {
      "integrity": "sha512-Hz+wiY8yD0VLA2k/+nsg2Abez674dDGTai33SwNvMPuf9uIrBC9eFgIMQxBBbHFxVXi8W+5nX9DcAh9YNSQm/w=="
    },
    "zod@3.24.2": {
      "integrity": "sha512-lY7CDW43ECgW9u1TcT3IoXHflywfVqDYze4waEz812jR/bZ8FHDsl7pFQoSZTz5N+2NqRXs8GBwnAwo3ZNxqhQ=="
    }
  },
  "workspace": {
    "dependencies": [
      "jsr:@cliffy/command@1.0.0-rc.7",
      "jsr:@cliffy/prompt@1.0.0-rc.7",
      "jsr:@cliffy/table@1.0.0-rc.7",
      "jsr:@hono/hono@^4.6.11",
      "jsr:@std/assert@1",
      "jsr:@std/async@^1.0.9",
      "jsr:@std/cli@^1.0.6",
      "jsr:@std/collections@^1.0.10",
      "jsr:@std/encoding@^1.0.5",
      "jsr:@std/fmt@^1.0.3",
      "jsr:@std/fs@^1.0.6",
      "jsr:@std/path@^1.0.8",
      "jsr:@streak-glue/runtime@0.1",
      "npm:@types/react@18",
      "npm:ink-spinner@5",
      "npm:ink@^5.1.1",
      "npm:react@^18.3.1",
      "npm:zod@^3.24.0"
    ]
  }
}
